PODS:
  - DVACategories (1.3.0):
    - DVACategories/CAGradientLayer (= 1.3.0)
    - DVACategories/CAShapeLayer (= 1.3.0)
    - DVACategories/Core (= 1.3.0)
    - DVACategories/NSAttributedString (= 1.3.0)
    - DVACategories/NSString (= 1.3.0)
    - DVACategories/UICollectionViewCell (= 1.3.0)
    - DVACategories/UIColor (= 1.3.0)
    - DVACategories/UITableView (= 1.3.0)
  - DVACategories/CAGradientLayer (1.3.0)
  - DVACategories/CAShapeLayer (1.3.0)
  - DVACategories/Core (1.3.0):
    - DVACategories/CAGradientLayer
    - DVACategories/CAShapeLayer
    - DVACategories/NSAttributedString
    - DVACategories/NSString
    - DVACategories/UICollectionViewCell
    - DVACategories/UIColor
  - DVACategories/NSAttributedString (1.3.0)
  - DVACategories/NSString (1.3.0)
  - DVACategories/UICollectionViewCell (1.3.0)
  - DVACategories/UIColor (1.3.0)
  - DVACategories/UITableView (1.3.0)

DEPENDENCIES:
  - DVACategories (from `../`)

EXTERNAL SOURCES:
  DVACategories:
    :path: "../"

SPEC CHECKSUMS:
  DVACategories: 8de462264c91c1d23d96362acb92b88ac3ba9063

COCOAPODS: 0.37.2
