PODS:
  - DVACategories (1.5.0):
    - DVACategories/CAGradientLayer (= 1.5.0)
    - DVACategories/CAShapeLayer (= 1.5.0)
    - DVACategories/Core (= 1.5.0)
    - DVACategories/NSArray (= 1.5.0)
    - DVACategories/NSAttributedString (= 1.5.0)
    - DVACategories/NSData (= 1.5.0)
    - DVACategories/NSDictionary (= 1.5.0)
    - DVACategories/NSString (= 1.5.0)
    - DVACategories/UICollectionViewCell (= 1.5.0)
    - DVACategories/UIColor (= 1.5.0)
    - DVACategories/UIImage (= 1.5.0)
    - DVACategories/UILabel (= 1.5.0)
    - DVACategories/UITableView (= 1.5.0)
    - DVACategories/UIView (= 1.5.0)
  - DVACategories/CAGradientLayer (1.5.0)
  - DVACategories/CAShapeLayer (1.5.0)
  - DVACategories/Core (1.5.0):
    - DVACategories/CAGradientLayer
    - DVACategories/CAShapeLayer
    - DVACategories/NSArray
    - DVACategories/NSAttributedString
    - DVACategories/NSData
    - DVACategories/NSDictionary
    - DVACategories/NSString
    - DVACategories/UICollectionViewCell
    - DVACategories/UIColor
    - DVACategories/UIImage
    - DVACategories/UILabel
    - DVACategories/UIView
  - DVACategories/NSArray (1.5.0)
  - DVACategories/NSAttributedString (1.5.0)
  - DVACategories/NSData (1.5.0)
  - DVACategories/NSDictionary (1.5.0)
  - DVACategories/NSString (1.5.0):
    - DVACategories/NSAttributedString
  - DVACategories/UICollectionViewCell (1.5.0)
  - DVACategories/UIColor (1.5.0)
  - DVACategories/UIImage (1.5.0):
    - DVACategories/NSData
  - DVACategories/UILabel (1.5.0)
  - DVACategories/UITableView (1.5.0)
  - DVACategories/UIView (1.5.0)

DEPENDENCIES:
  - DVACategories (from `../`)

EXTERNAL SOURCES:
  DVACategories:
    :path: "../"

SPEC CHECKSUMS:
  DVACategories: 3170ad1019f6874a93bcd6e3fb253ceef03855f2

COCOAPODS: 0.39.0
