PODS:
  - DVACategories (1.2.0):
    - DVACategories/CAGradientLayer (= 1.2.0)
    - DVACategories/CAShapeLayer (= 1.2.0)
    - DVACategories/Core (= 1.2.0)
    - DVACategories/NSAttributedString (= 1.2.0)
    - DVACategories/NSString (= 1.2.0)
    - DVACategories/UIColor (= 1.2.0)
    - DVACategories/UITableView (= 1.2.0)
  - DVACategories/CAGradientLayer (1.2.0)
  - DVACategories/CAShapeLayer (1.2.0)
  - DVACategories/Core (1.2.0):
    - DVACategories/CAGradientLayer
    - DVACategories/CAShapeLayer
    - DVACategories/NSAttributedString
    - DVACategories/NSString
    - DVACategories/UIColor
  - DVACategories/NSAttributedString (1.2.0)
  - DVACategories/NSString (1.2.0)
  - DVACategories/UIColor (1.2.0)
  - DVACategories/UITableView (1.2.0)

DEPENDENCIES:
  - DVACategories (from `../`)

EXTERNAL SOURCES:
  DVACategories:
    :path: ../

SPEC CHECKSUMS:
  DVACategories: 41c6d757633c72010a025696dde58425dedbeb54

COCOAPODS: 0.37.1
